{
  "name": "noisytransfer-protocol",
  "lockfileVersion": 3,
  "requires": true,
  "packages": {
    "": {
      "dependencies": {
        "@hpke/core": "^1.7.3",
        "@hpke/hybridkem-x25519-kyber768": "^1.6.1",
        "@noble/hashes": "^1.5.0"
      },
      "devDependencies": {
        "wrtc": "^0.4.7",
        "ws": "^8.18.3"
      }
    },
    "node_modules/@hpke/common": {
      "version": "1.7.3",
      "resolved": "https://registry.npmmirror.com/@hpke/common/-/common-1.7.3.tgz",
      "integrity": "sha512-6wbbjlOPWZb2MnBETFNJRMcnEcB8jXMnjepGUs8412xEQX2Prds1n1yibvaxwUmQiKsHvjkGX+vTlWjqiiSiKw==",
      "license": "MIT",
      "engines": {
        "node": ">=16.0.0"
      }
    },
    "node_modules/@hpke/core": {
      "version": "1.7.3",
      "resolved": "https://registry.npmmirror.com/@hpke/core/-/core-1.7.3.tgz",
      "integrity": "sha512-shx1PFyXM8nVOmylrb0O6bGSm7gFgq5rcvhbmVjT/Kch50XXFAm1DYlio3b5jdpzvyAr5CpcsEbfoIMMtJcnJQ==",
      "license": "MIT",
      "dependencies": {
        "@hpke/common": "^1.7.3"
      },
      "engines": {
        "node": ">=16.0.0"
      }
    },
    "node_modules/@hpke/dhkem-x25519": {
      "version": "1.6.3",
      "resolved": "https://registry.npmmirror.com/@hpke/dhkem-x25519/-/dhkem-x25519-1.6.3.tgz",
      "integrity": "sha512-ZmIt7uFVgy7A0X2Y0bJNjHoWLQp5tlXRIKQqx+cZpp9YXsreSHUWq8NEb+Kc/QyVBFGxsXw2e/PyxXlM4PbKTw==",
      "license": "MIT",
      "dependencies": {
        "@hpke/common": "^1.7.3",
        "@noble/curves": "^1.9.2",
        "@noble/hashes": "^1.8.0"
      },
      "engines": {
        "node": ">=16.0.0"
      }
    },
    "node_modules/@hpke/hybridkem-x25519-kyber768": {
      "version": "1.6.1",
      "resolved": "https://registry.npmmirror.com/@hpke/hybridkem-x25519-kyber768/-/hybridkem-x25519-kyber768-1.6.1.tgz",
      "integrity": "sha512-aj5aS6yZVkLuoXrpC1CG+HO60A52ma7ZlfXts4rNqdq6kaTO0o3hcND3anHTOtFUJPWgAUxYb7jHXeH3QxjflQ==",
      "license": "MIT",
      "dependencies": {
        "@hpke/common": "^1.6.1",
        "@hpke/dhkem-x25519": "^1.6.0",
        "@noble/hashes": "^1.5.0"
      },
      "engines": {
        "node": ">=16.0.0"
      }
    },
    "node_modules/@noble/curves": {
      "version": "1.9.6",
      "resolved": "https://registry.npmmirror.com/@noble/curves/-/curves-1.9.6.tgz",
      "integrity": "sha512-GIKz/j99FRthB8icyJQA51E8Uk5hXmdyThjgQXRKiv9h0zeRlzSCLIzFw6K1LotZ3XuB7yzlf76qk7uBmTdFqA==",
      "license": "MIT",
      "dependencies": {
        "@noble/hashes": "1.8.0"
      },
      "engines": {
        "node": "^14.21.3 || >=16"
      },
      "funding": {
        "url": "https://paulmillr.com/funding/"
      }
    },
    "node_modules/@noble/hashes": {
      "version": "1.8.0",
      "resolved": "https://registry.npmmirror.com/@noble/hashes/-/hashes-1.8.0.tgz",
      "integrity": "sha512-jCs9ldd7NwzpgXDIf6P3+NrHh9/sD6CQdxHyjQI+h/6rDNo88ypBxxz45UDuZHz9r3tNz7N/VInSVoVdtXEI4A==",
      "license": "MIT",
      "engines": {
        "node": "^14.21.3 || >=16"
      },
      "funding": {
        "url": "https://paulmillr.com/funding/"
      }
    },
    "node_modules/domexception": {
      "version": "1.0.1",
      "resolved": "https://registry.npmmirror.com/domexception/-/domexception-1.0.1.tgz",
      "integrity": "sha512-raigMkn7CJNNo6Ihro1fzG7wr3fHuYVytzquZKX5n0yizGsTcYgzdIUwj1X9pK0VvjeihV+XiclP+DjwbsSKug==",
      "deprecated": "Use your platform's native DOMException instead",
      "dev": true,
      "license": "MIT",
      "optional": true,
      "dependencies": {
        "webidl-conversions": "^4.0.2"
      }
    },
    "node_modules/webidl-conversions": {
      "version": "4.0.2",
      "resolved": "https://registry.npmmirror.com/webidl-conversions/-/webidl-conversions-4.0.2.tgz",
      "integrity": "sha512-YQ+BmxuTgd6UXZW3+ICGfyqRyHXVlD5GtQr5+qjiNW7bF0cqrzX500HVXPBOvgXb5YnzDd+h0zqyv61KUD7+Sg==",
      "dev": true,
      "license": "BSD-2-Clause",
      "optional": true
    },
    "node_modules/wrtc": {
      "version": "0.4.7",
      "resolved": "https://registry.npmmirror.com/wrtc/-/wrtc-0.4.7.tgz",
      "integrity": "sha512-P6Hn7VT4lfSH49HxLHcHhDq+aFf/jd9dPY7lDHeFhZ22N3858EKuwm2jmnlPzpsRGEPaoF6XwkcxY5SYnt4f/g==",
      "bundleDependencies": [
        "node-pre-gyp"
      ],
      "dev": true,
      "hasInstallScript": true,
      "license": "BSD-2-Clause",
      "dependencies": {
        "node-pre-gyp": "^0.13.0"
      },
      "engines": {
        "node": "^8.11.2 || >=10.0.0"
      },
      "optionalDependencies": {
        "domexception": "^1.0.1"
      }
    },
    "node_modules/ws": {
      "version": "8.18.3",
      "resolved": "https://registry.npmmirror.com/ws/-/ws-8.18.3.tgz",
      "integrity": "sha512-PEIGCY5tSlUt50cqyMXfCzX+oOPqN0vuGqWzbcJ2xvnkzkq46oOpz7dQaTDBdfICb4N14+GARUDw2XV2N4tvzg==",
      "dev": true,
      "license": "MIT",
      "engines": {
        "node": ">=10.0.0"
      },
      "peerDependencies": {
        "bufferutil": "^4.0.1",
        "utf-8-validate": ">=5.0.2"
      },
      "peerDependenciesMeta": {
        "bufferutil": {
          "optional": true
        },
        "utf-8-validate": {
          "optional": true
        }
      }
    }
  }
}
